
Microsoft Visual Studio Solution File, Format Version 12.00
# Visual Studio Version 16
VisualStudioVersion = 16.0.29102.190
MinimumVisualStudioVersion = 10.0.40219.1
Project("{FAE04EC0-301F-11D3-BF4B-00C04F79EFBC}") = "HW1", "HW1\HW1.csproj", "{FFEDE7F8-5D86-4F7C-9C35-8F35F45E9B50}"
EndProject
Global
	GlobalSection(SolutionConfigurationPlatforms) = preSolution
		Debug|Any CPU = Debug|Any CPU
		Release|Any CPU = Release|Any CPU
	EndGlobalSection
	GlobalSection(ProjectConfigurationPlatforms) = postSolution
		{FFEDE7F8-5D86-4F7C-9C35-8F35F45E9B50}.Debug|Any CPU.ActiveCfg = Debug|Any CPU
		{FFEDE7F8-5D86-4F7C-9C35-8F35F45E9B50}.Debug|Any CPU.Build.0 = Debug|Any CPU
		{FFEDE7F8-5D86-4F7C-9C35-8F35F45E9B50}.Release|Any CPU.ActiveCfg = Release|Any CPU
		{FFEDE7F8-5D86-4F7C-9C35-8F35F45E9B50}.Release|Any CPU.Build.0 = Release|Any CPU
	EndGlobalSection
	GlobalSection(SolutionProperties) = preSolution
		HideSolutionNode = FALSE
	EndGlobalSection
	GlobalSection(ExtensibilityGlobals) = postSolution
		SolutionGuid = {B4F4057B-ACE3-4D4A-AB15-E3FDC86CD7B5}
	EndGlobalSection
EndGlobal
